
Microsoft Visual Studio Solution File, Format Version 12.00
# Visual Studio Version 17
VisualStudioVersion = 17.13.35825.156 d17.13
MinimumVisualStudioVersion = 10.0.40219.1
Project("{FAE04EC0-301F-11D3-BF4B-00C04F79EFBC}") = "TootedJaKategooriad", "TootedJaKategooriad\TootedJaKategooriad.csproj", "{57C51A98-B1E6-4F32-AF99-AB4E96F6E4D2}"
EndProject
Global
	GlobalSection(SolutionConfigurationPlatforms) = preSolution
		Debug|Any CPU = Debug|Any CPU
		Release|Any CPU = Release|Any CPU
	EndGlobalSection
	GlobalSection(ProjectConfigurationPlatforms) = postSolution
		{57C51A98-B1E6-4F32-AF99-AB4E96F6E4D2}.Debug|Any CPU.ActiveCfg = Debug|Any CPU
		{57C51A98-B1E6-4F32-AF99-AB4E96F6E4D2}.Debug|Any CPU.Build.0 = Debug|Any CPU
		{57C51A98-B1E6-4F32-AF99-AB4E96F6E4D2}.Release|Any CPU.ActiveCfg = Release|Any CPU
		{57C51A98-B1E6-4F32-AF99-AB4E96F6E4D2}.Release|Any CPU.Build.0 = Release|Any CPU
	EndGlobalSection
	GlobalSection(SolutionProperties) = preSolution
		HideSolutionNode = FALSE
	EndGlobalSection
	GlobalSection(ExtensibilityGlobals) = postSolution
		SolutionGuid = {4ECFB622-10CF-48B1-8098-5C23A4D7DE97}
	EndGlobalSection
EndGlobal
